# THIS IS AN AUTOGENERATED FILE. DO NOT EDIT THIS FILE DIRECTLY.
# yarn lockfile v1


"@gnosis.pm/dx-contracts@^1.0.0":
  version "1.0.0"
  resolved "https://registry.yarnpkg.com/@gnosis.pm/dx-contracts/-/dx-contracts-1.0.0.tgz#b084a360207241e1d62300bad866560ecde7de22"
  dependencies:
    "@gnosis.pm/gno-token" "^1.0.1"
    "@gnosis.pm/owl-token" "^1.1.0"
    "@gnosis.pm/util-contracts" "^1.0.1"

"@gnosis.pm/gno-token@^1.0.1":
  version "1.0.1"
  resolved "https://registry.yarnpkg.com/@gnosis.pm/gno-token/-/gno-token-1.0.1.tgz#cec451196ec94754a1772bd47b87b3906c9880c3"
  dependencies:
    "@gnosis.pm/util-contracts" "^1.0.1"

"@gnosis.pm/owl-token@^1.1.0":
  version "1.1.0"
  resolved "https://registry.yarnpkg.com/@gnosis.pm/owl-token/-/owl-token-1.1.0.tgz#52d9901bdf2beae2283a6e9ffcd533b96f147f18"
  dependencies:
    "@gnosis.pm/gno-token" "^1.0.1"
    "@gnosis.pm/util-contracts" "^1.0.1"

"@gnosis.pm/util-contracts@^1.0.1":
  version "1.0.1"
  resolved "https://registry.yarnpkg.com/@gnosis.pm/util-contracts/-/util-contracts-1.0.1.tgz#69a5661eb49b35aff9d166ea8089cc7495e2dab6"
